// !$*UTF8*$!
{
	archiveVersion = 1;
	classes = {
	};
	objectVersion = 51;
	objects = {

/* Begin PBXBuildFile section */
		27BAF3705A7BFBFE3B66D528 /* Pods_Squad_Chat.framework in Frameworks */ = {isa = PBXBuildFile; fileRef = A979B85150B7D69FABB09C6B /* Pods_Squad_Chat.framework */; };
		B42A0327247AD2E90007E0DF /* AppDelegate.swift in Sources */ = {isa = PBXBuildFile; fileRef = B42A0326247AD2E90007E0DF /* AppDelegate.swift */; };
		B42A0329247AD2E90007E0DF /* SceneDelegate.swift in Sources */ = {isa = PBXBuildFile; fileRef = B42A0328247AD2E90007E0DF /* SceneDelegate.swift */; };
		B42A032B247AD2E90007E0DF /* LandingView.swift in Sources */ = {isa = PBXBuildFile; fileRef = B42A032A247AD2E90007E0DF /* LandingView.swift */; };
		B42A032D247AD2EA0007E0DF /* Assets.xcassets in Resources */ = {isa = PBXBuildFile; fileRef = B42A032C247AD2EA0007E0DF /* Assets.xcassets */; };
		B42A0330247AD2EA0007E0DF /* Preview Assets.xcassets in Resources */ = {isa = PBXBuildFile; fileRef = B42A032F247AD2EA0007E0DF /* Preview Assets.xcassets */; };
		B42A0333247AD2EA0007E0DF /* LaunchScreen.storyboard in Resources */ = {isa = PBXBuildFile; fileRef = B42A0331247AD2EA0007E0DF /* LaunchScreen.storyboard */; };
		B42A0340247AE5650007E0DF /* RegisterView.swift in Sources */ = {isa = PBXBuildFile; fileRef = B42A033F247AE5650007E0DF /* RegisterView.swift */; };
		B42A0342247AF3120007E0DF /* TextField1.swift in Sources */ = {isa = PBXBuildFile; fileRef = B42A0341247AF3120007E0DF /* TextField1.swift */; };
		B42A0346247B29D00007E0DF /* LoginView.swift in Sources */ = {isa = PBXBuildFile; fileRef = B42A0345247B29D00007E0DF /* LoginView.swift */; };
		B42A0348247B308E0007E0DF /* Constants.swift in Sources */ = {isa = PBXBuildFile; fileRef = B42A0347247B308E0007E0DF /* Constants.swift */; };
		B42A034B247B52C60007E0DF /* NavigationButton.swift in Sources */ = {isa = PBXBuildFile; fileRef = B42A034A247B52C60007E0DF /* NavigationButton.swift */; };
		B42A0377247C2D540007E0DF /* HomeView.swift in Sources */ = {isa = PBXBuildFile; fileRef = B42A0376247C2D540007E0DF /* HomeView.swift */; };
		B42A0379247C2F480007E0DF /* ActionButton.swift in Sources */ = {isa = PBXBuildFile; fileRef = B42A0378247C2F480007E0DF /* ActionButton.swift */; };
		B42A037B247C3A230007E0DF /* MotherView.swift in Sources */ = {isa = PBXBuildFile; fileRef = B42A037A247C3A230007E0DF /* MotherView.swift */; };
		B42A037E247C3E990007E0DF /* ViewRouter.swift in Sources */ = {isa = PBXBuildFile; fileRef = B42A037D247C3E990007E0DF /* ViewRouter.swift */; };
		B42A0380247C64430007E0DF /* GoogleService-Info.plist in Resources */ = {isa = PBXBuildFile; fileRef = B42A037F247C64430007E0DF /* GoogleService-Info.plist */; };
		B42A0382247C67300007E0DF /* MessageView.swift in Sources */ = {isa = PBXBuildFile; fileRef = B42A0381247C67300007E0DF /* MessageView.swift */; };
		B42A0384247C81480007E0DF /* Message.swift in Sources */ = {isa = PBXBuildFile; fileRef = B42A0383247C81480007E0DF /* Message.swift */; };
/* End PBXBuildFile section */

/* Begin PBXFileReference section */
		86D82230BD18D1B6B4E2DE9A /* Pods-Squad-Chat.release.xcconfig */ = {isa = PBXFileReference; includeInIndex = 1; lastKnownFileType = text.xcconfig; name = "Pods-Squad-Chat.release.xcconfig"; path = "Target Support Files/Pods-Squad-Chat/Pods-Squad-Chat.release.xcconfig"; sourceTree = "<group>"; };
		A979B85150B7D69FABB09C6B /* Pods_Squad_Chat.framework */ = {isa = PBXFileReference; explicitFileType = wrapper.framework; includeInIndex = 0; path = Pods_Squad_Chat.framework; sourceTree = BUILT_PRODUCTS_DIR; };
		B42A0323247AD2E90007E0DF /* Squad-Chat.app */ = {isa = PBXFileReference; explicitFileType = wrapper.application; includeInIndex = 0; path = "Squad-Chat.app"; sourceTree = BUILT_PRODUCTS_DIR; };
		B42A0326247AD2E90007E0DF /* AppDelegate.swift */ = {isa = PBXFileReference; lastKnownFileType = sourcecode.swift; path = AppDelegate.swift; sourceTree = "<group>"; };
		B42A0328247AD2E90007E0DF /* SceneDelegate.swift */ = {isa = PBXFileReference; lastKnownFileType = sourcecode.swift; path = SceneDelegate.swift; sourceTree = "<group>"; };
		B42A032A247AD2E90007E0DF /* LandingView.swift */ = {isa = PBXFileReference; lastKnownFileType = sourcecode.swift; path = LandingView.swift; sourceTree = "<group>"; };
		B42A032C247AD2EA0007E0DF /* Assets.xcassets */ = {isa = PBXFileReference; lastKnownFileType = folder.assetcatalog; path = Assets.xcassets; sourceTree = "<group>"; };
		B42A032F247AD2EA0007E0DF /* Preview Assets.xcassets */ = {isa = PBXFileReference; lastKnownFileType = folder.assetcatalog; path = "Preview Assets.xcassets"; sourceTree = "<group>"; };
		B42A0332247AD2EA0007E0DF /* Base */ = {isa = PBXFileReference; lastKnownFileType = file.storyboard; name = Base; path = Base.lproj/LaunchScreen.storyboard; sourceTree = "<group>"; };
		B42A0334247AD2EA0007E0DF /* Info.plist */ = {isa = PBXFileReference; lastKnownFileType = text.plist.xml; path = Info.plist; sourceTree = "<group>"; };
		B42A033F247AE5650007E0DF /* RegisterView.swift */ = {isa = PBXFileReference; lastKnownFileType = sourcecode.swift; path = RegisterView.swift; sourceTree = "<group>"; };
		B42A0341247AF3120007E0DF /* TextField1.swift */ = {isa = PBXFileReference; lastKnownFileType = sourcecode.swift; path = TextField1.swift; sourceTree = "<group>"; };
		B42A0345247B29D00007E0DF /* LoginView.swift */ = {isa = PBXFileReference; lastKnownFileType = sourcecode.swift; path = LoginView.swift; sourceTree = "<group>"; };
		B42A0347247B308E0007E0DF /* Constants.swift */ = {isa = PBXFileReference; lastKnownFileType = sourcecode.swift; path = Constants.swift; sourceTree = "<group>"; };
		B42A034A247B52C60007E0DF /* NavigationButton.swift */ = {isa = PBXFileReference; lastKnownFileType = sourcecode.swift; path = NavigationButton.swift; sourceTree = "<group>"; };
		B42A0376247C2D540007E0DF /* HomeView.swift */ = {isa = PBXFileReference; lastKnownFileType = sourcecode.swift; path = HomeView.swift; sourceTree = "<group>"; };
		B42A0378247C2F480007E0DF /* ActionButton.swift */ = {isa = PBXFileReference; lastKnownFileType = sourcecode.swift; path = ActionButton.swift; sourceTree = "<group>"; };
		B42A037A247C3A230007E0DF /* MotherView.swift */ = {isa = PBXFileReference; lastKnownFileType = sourcecode.swift; path = MotherView.swift; sourceTree = "<group>"; };
		B42A037D247C3E990007E0DF /* ViewRouter.swift */ = {isa = PBXFileReference; lastKnownFileType = sourcecode.swift; path = ViewRouter.swift; sourceTree = "<group>"; };
		B42A037F247C64430007E0DF /* GoogleService-Info.plist */ = {isa = PBXFileReference; fileEncoding = 4; lastKnownFileType = text.plist.xml; path = "GoogleService-Info.plist"; sourceTree = "<group>"; };
		B42A0381247C67300007E0DF /* MessageView.swift */ = {isa = PBXFileReference; lastKnownFileType = sourcecode.swift; path = MessageView.swift; sourceTree = "<group>"; };
		B42A0383247C81480007E0DF /* Message.swift */ = {isa = PBXFileReference; lastKnownFileType = sourcecode.swift; path = Message.swift; sourceTree = "<group>"; };
		C166F6485FC4BD8F0F076AB6 /* Pods-Squad-Chat.debug.xcconfig */ = {isa = PBXFileReference; includeInIndex = 1; lastKnownFileType = text.xcconfig; name = "Pods-Squad-Chat.debug.xcconfig"; path = "Target Support Files/Pods-Squad-Chat/Pods-Squad-Chat.debug.xcconfig"; sourceTree = "<group>"; };
/* End PBXFileReference section */

/* Begin PBXFrameworksBuildPhase section */
		B42A0320247AD2E90007E0DF /* Frameworks */ = {
			isa = PBXFrameworksBuildPhase;
			buildActionMask = 2147483647;
			files = (
				27BAF3705A7BFBFE3B66D528 /* Pods_Squad_Chat.framework in Frameworks */,
			);
			runOnlyForDeploymentPostprocessing = 0;
		};
/* End PBXFrameworksBuildPhase section */

/* Begin PBXGroup section */
		74DBEF5F0846C7C8A9AD17F9 /* Pods */ = {
			isa = PBXGroup;
			children = (
				C166F6485FC4BD8F0F076AB6 /* Pods-Squad-Chat.debug.xcconfig */,
				86D82230BD18D1B6B4E2DE9A /* Pods-Squad-Chat.release.xcconfig */,
			);
			path = Pods;
			sourceTree = "<group>";
		};
		99848DF4323E0302935E8F87 /* Frameworks */ = {
			isa = PBXGroup;
			children = (
				A979B85150B7D69FABB09C6B /* Pods_Squad_Chat.framework */,
			);
			name = Frameworks;
			sourceTree = "<group>";
		};
		B42A031A247AD2E90007E0DF = {
			isa = PBXGroup;
			children = (
				B42A0325247AD2E90007E0DF /* Squad-Chat */,
				B42A0324247AD2E90007E0DF /* Products */,
				74DBEF5F0846C7C8A9AD17F9 /* Pods */,
				99848DF4323E0302935E8F87 /* Frameworks */,
			);
			sourceTree = "<group>";
		};
		B42A0324247AD2E90007E0DF /* Products */ = {
			isa = PBXGroup;
			children = (
				B42A0323247AD2E90007E0DF /* Squad-Chat.app */,
			);
			name = Products;
			sourceTree = "<group>";
		};
		B42A0325247AD2E90007E0DF /* Squad-Chat */ = {
			isa = PBXGroup;
			children = (
				B42A0326247AD2E90007E0DF /* AppDelegate.swift */,
				B42A0328247AD2E90007E0DF /* SceneDelegate.swift */,
				B42A0347247B308E0007E0DF /* Constants.swift */,
				B42A037C247C3E830007E0DF /* Models */,
				B42A033A247AD3B60007E0DF /* Views */,
				B42A032C247AD2EA0007E0DF /* Assets.xcassets */,
				B42A0331247AD2EA0007E0DF /* LaunchScreen.storyboard */,
				B42A0334247AD2EA0007E0DF /* Info.plist */,
				B42A037F247C64430007E0DF /* GoogleService-Info.plist */,
				B42A032E247AD2EA0007E0DF /* Preview Content */,
			);
			path = "Squad-Chat";
			sourceTree = "<group>";
		};
		B42A032E247AD2EA0007E0DF /* Preview Content */ = {
			isa = PBXGroup;
			children = (
				B42A032F247AD2EA0007E0DF /* Preview Assets.xcassets */,
			);
			path = "Preview Content";
			sourceTree = "<group>";
		};
		B42A033A247AD3B60007E0DF /* Views */ = {
			isa = PBXGroup;
			children = (
				B42A037A247C3A230007E0DF /* MotherView.swift */,
				B42A032A247AD2E90007E0DF /* LandingView.swift */,
				B42A033F247AE5650007E0DF /* RegisterView.swift */,
				B42A0345247B29D00007E0DF /* LoginView.swift */,
				B42A0376247C2D540007E0DF /* HomeView.swift */,
				B42A0349247B52970007E0DF /* SubViews */,
			);
			path = Views;
			sourceTree = "<group>";
		};
		B42A0349247B52970007E0DF /* SubViews */ = {
			isa = PBXGroup;
			children = (
				B42A0341247AF3120007E0DF /* TextField1.swift */,
				B42A034A247B52C60007E0DF /* NavigationButton.swift */,
				B42A0378247C2F480007E0DF /* ActionButton.swift */,
				B42A0381247C67300007E0DF /* MessageView.swift */,
			);
			path = SubViews;
			sourceTree = "<group>";
		};
		B42A037C247C3E830007E0DF /* Models */ = {
			isa = PBXGroup;
			children = (
				B42A037D247C3E990007E0DF /* ViewRouter.swift */,
				B42A0383247C81480007E0DF /* Message.swift */,
			);
			path = Models;
			sourceTree = "<group>";
		};
/* End PBXGroup section */

/* Begin PBXNativeTarget section */
		B42A0322247AD2E90007E0DF /* Squad-Chat */ = {
			isa = PBXNativeTarget;
			buildConfigurationList = B42A0337247AD2EA0007E0DF /* Build configuration list for PBXNativeTarget "Squad-Chat" */;
			buildPhases = (
				8400465C2798802D25158B07 /* [CP] Check Pods Manifest.lock */,
				B42A031F247AD2E90007E0DF /* Sources */,
				B42A0320247AD2E90007E0DF /* Frameworks */,
				B42A0321247AD2E90007E0DF /* Resources */,
				A59CEABAA63CFE76EDF2A3D8 /* [CP] Embed Pods Frameworks */,
			);
			buildRules = (
			);
			dependencies = (
			);
			name = "Squad-Chat";
			productName = "Squad-Chat";
			productReference = B42A0323247AD2E90007E0DF /* Squad-Chat.app */;
			productType = "com.apple.product-type.application";
		};
/* End PBXNativeTarget section */

/* Begin PBXProject section */
		B42A031B247AD2E90007E0DF /* Project object */ = {
			isa = PBXProject;
			attributes = {
				LastSwiftUpdateCheck = 1150;
				LastUpgradeCheck = 1150;
				ORGANIZATIONNAME = Jcole;
				TargetAttributes = {
					B42A0322247AD2E90007E0DF = {
						CreatedOnToolsVersion = 11.5;
					};
				};
			};
			buildConfigurationList = B42A031E247AD2E90007E0DF /* Build configuration list for PBXProject "Squad-Chat" */;
			compatibilityVersion = "Xcode 9.3";
			developmentRegion = en;
			hasScannedForEncodings = 0;
			knownRegions = (
				en,
				Base,
			);
			mainGroup = B42A031A247AD2E90007E0DF;
			productRefGroup = B42A0324247AD2E90007E0DF /* Products */;
			projectDirPath = "";
			projectRoot = "";
			targets = (
				B42A0322247AD2E90007E0DF /* Squad-Chat */,
			);
		};
/* End PBXProject section */

/* Begin PBXResourcesBuildPhase section */
		B42A0321247AD2E90007E0DF /* Resources */ = {
			isa = PBXResourcesBuildPhase;
			buildActionMask = 2147483647;
			files = (
				B42A0333247AD2EA0007E0DF /* LaunchScreen.storyboard in Resources */,
				B42A0330247AD2EA0007E0DF /* Preview Assets.xcassets in Resources */,
				B42A032D247AD2EA0007E0DF /* Assets.xcassets in Resources */,
				B42A0380247C64430007E0DF /* GoogleService-Info.plist in Resources */,
			);
			runOnlyForDeploymentPostprocessing = 0;
		};
/* End PBXResourcesBuildPhase section */

/* Begin PBXShellScriptBuildPhase section */
		8400465C2798802D25158B07 /* [CP] Check Pods Manifest.lock */ = {
			isa = PBXShellScriptBuildPhase;
			buildActionMask = 2147483647;
			files = (
			);
			inputFileListPaths = (
			);
			inputPaths = (
				"${PODS_PODFILE_DIR_PATH}/Podfile.lock",
				"${PODS_ROOT}/Manifest.lock",
			);
			name = "[CP] Check Pods Manifest.lock";
			outputFileListPaths = (
			);
			outputPaths = (
				"$(DERIVED_FILE_DIR)/Pods-Squad-Chat-checkManifestLockResult.txt",
			);
			runOnlyForDeploymentPostprocessing = 0;
			shellPath = /bin/sh;
			shellScript = "diff \"${PODS_PODFILE_DIR_PATH}/Podfile.lock\" \"${PODS_ROOT}/Manifest.lock\" > /dev/null\nif [ $? != 0 ] ; then\n    # print error to STDERR\n    echo \"error: The sandbox is not in sync with the Podfile.lock. Run 'pod install' or update your CocoaPods installation.\" >&2\n    exit 1\nfi\n# This output is used by Xcode 'outputs' to avoid re-running this script phase.\necho \"SUCCESS\" > \"${SCRIPT_OUTPUT_FILE_0}\"\n";
			showEnvVarsInLog = 0;
		};
		A59CEABAA63CFE76EDF2A3D8 /* [CP] Embed Pods Frameworks */ = {
			isa = PBXShellScriptBuildPhase;
			buildActionMask = 2147483647;
			files = (
			);
			inputFileListPaths = (
				"${PODS_ROOT}/Target Support Files/Pods-Squad-Chat/Pods-Squad-Chat-frameworks-${CONFIGURATION}-input-files.xcfilelist",
			);
			name = "[CP] Embed Pods Frameworks";
			outputFileListPaths = (
				"${PODS_ROOT}/Target Support Files/Pods-Squad-Chat/Pods-Squad-Chat-frameworks-${CONFIGURATION}-output-files.xcfilelist",
			);
			runOnlyForDeploymentPostprocessing = 0;
			shellPath = /bin/sh;
			shellScript = "\"${PODS_ROOT}/Target Support Files/Pods-Squad-Chat/Pods-Squad-Chat-frameworks.sh\"\n";
			showEnvVarsInLog = 0;
		};
/* End PBXShellScriptBuildPhase section */

/* Begin PBXSourcesBuildPhase section */
		B42A031F247AD2E90007E0DF /* Sources */ = {
			isa = PBXSourcesBuildPhase;
			buildActionMask = 2147483647;
			files = (
				B42A0377247C2D540007E0DF /* HomeView.swift in Sources */,
				B42A0346247B29D00007E0DF /* LoginView.swift in Sources */,
				B42A0340247AE5650007E0DF /* RegisterView.swift in Sources */,
				B42A037E247C3E990007E0DF /* ViewRouter.swift in Sources */,
				B42A0342247AF3120007E0DF /* TextField1.swift in Sources */,
				B42A0327247AD2E90007E0DF /* AppDelegate.swift in Sources */,
				B42A0348247B308E0007E0DF /* Constants.swift in Sources */,
				B42A037B247C3A230007E0DF /* MotherView.swift in Sources */,
				B42A034B247B52C60007E0DF /* NavigationButton.swift in Sources */,
				B42A0382247C67300007E0DF /* MessageView.swift in Sources */,
				B42A0329247AD2E90007E0DF /* SceneDelegate.swift in Sources */,
				B42A032B247AD2E90007E0DF /* LandingView.swift in Sources */,
				B42A0379247C2F480007E0DF /* ActionButton.swift in Sources */,
				B42A0384247C81480007E0DF /* Message.swift in Sources */,
			);
			runOnlyForDeploymentPostprocessing = 0;
		};
/* End PBXSourcesBuildPhase section */

/* Begin PBXVariantGroup section */
		B42A0331247AD2EA0007E0DF /* LaunchScreen.storyboard */ = {
			isa = PBXVariantGroup;
			children = (
				B42A0332247AD2EA0007E0DF /* Base */,
			);
			name = LaunchScreen.storyboard;
			sourceTree = "<group>";
		};
/* End PBXVariantGroup section */

/* Begin XCBuildConfiguration section */
		B42A0335247AD2EA0007E0DF /* Debug */ = {
			isa = XCBuildConfiguration;
			buildSettings = {
				ALWAYS_SEARCH_USER_PATHS = NO;
				CLANG_ANALYZER_NONNULL = YES;
				CLANG_ANALYZER_NUMBER_OBJECT_CONVERSION = YES_AGGRESSIVE;
				CLANG_CXX_LANGUAGE_STANDARD = "gnu++14";
				CLANG_CXX_LIBRARY = "libc++";
				CLANG_ENABLE_MODULES = YES;
				CLANG_ENABLE_OBJC_ARC = YES;
				CLANG_ENABLE_OBJC_WEAK = YES;
				CLANG_WARN_BLOCK_CAPTURE_AUTORELEASING = YES;
				CLANG_WARN_BOOL_CONVERSION = YES;
				CLANG_WARN_COMMA = YES;
				CLANG_WARN_CONSTANT_CONVERSION = YES;
				CLANG_WARN_DEPRECATED_OBJC_IMPLEMENTATIONS = YES;
				CLANG_WARN_DIRECT_OBJC_ISA_USAGE = YES_ERROR;
				CLANG_WARN_DOCUMENTATION_COMMENTS = YES;
				CLANG_WARN_EMPTY_BODY = YES;
				CLANG_WARN_ENUM_CONVERSION = YES;
				CLANG_WARN_INFINITE_RECURSION = YES;
				CLANG_WARN_INT_CONVERSION = YES;
				CLANG_WARN_NON_LITERAL_NULL_CONVERSION = YES;
				CLANG_WARN_OBJC_IMPLICIT_RETAIN_SELF = YES;
				CLANG_WARN_OBJC_LITERAL_CONVERSION = YES;
				CLANG_WARN_OBJC_ROOT_CLASS = YES_ERROR;
				CLANG_WARN_RANGE_LOOP_ANALYSIS = YES;
				CLANG_WARN_STRICT_PROTOTYPES = YES;
				CLANG_WARN_SUSPICIOUS_MOVE = YES;
				CLANG_WARN_UNGUARDED_AVAILABILITY = YES_AGGRESSIVE;
				CLANG_WARN_UNREACHABLE_CODE = YES;
				CLANG_WARN__DUPLICATE_METHOD_MATCH = YES;
				COPY_PHASE_STRIP = NO;
				DEBUG_INFORMATION_FORMAT = dwarf;
				ENABLE_STRICT_OBJC_MSGSEND = YES;
				ENABLE_TESTABILITY = YES;
				GCC_C_LANGUAGE_STANDARD = gnu11;
				GCC_DYNAMIC_NO_PIC = NO;
				GCC_NO_COMMON_BLOCKS = YES;
				GCC_OPTIMIZATION_LEVEL = 0;
				GCC_PREPROCESSOR_DEFINITIONS = (
					"DEBUG=1",
					"$(inherited)",
				);
				GCC_WARN_64_TO_32_BIT_CONVERSION = YES;
				GCC_WARN_ABOUT_RETURN_TYPE = YES_ERROR;
				GCC_WARN_UNDECLARED_SELECTOR = YES;
				GCC_WARN_UNINITIALIZED_AUTOS = YES_AGGRESSIVE;
				GCC_WARN_UNUSED_FUNCTION = YES;
				GCC_WARN_UNUSED_VARIABLE = YES;
				IPHONEOS_DEPLOYMENT_TARGET = 13.5;
				MTL_ENABLE_DEBUG_INFO = INCLUDE_SOURCE;
				MTL_FAST_MATH = YES;
				ONLY_ACTIVE_ARCH = YES;
				SDKROOT = iphoneos;
				SWIFT_ACTIVE_COMPILATION_CONDITIONS = DEBUG;
				SWIFT_OPTIMIZATION_LEVEL = "-Onone";
			};
			name = Debug;
		};
		B42A0336247AD2EA0007E0DF /* Release */ = {
			isa = XCBuildConfiguration;
			buildSettings = {
				ALWAYS_SEARCH_USER_PATHS = NO;
				CLANG_ANALYZER_NONNULL = YES;
				CLANG_ANALYZER_NUMBER_OBJECT_CONVERSION = YES_AGGRESSIVE;
				CLANG_CXX_LANGUAGE_STANDARD = "gnu++14";
				CLANG_CXX_LIBRARY = "libc++";
				CLANG_ENABLE_MODULES = YES;
				CLANG_ENABLE_OBJC_ARC = YES;
				CLANG_ENABLE_OBJC_WEAK = YES;
				CLANG_WARN_BLOCK_CAPTURE_AUTORELEASING = YES;
				CLANG_WARN_BOOL_CONVERSION = YES;
				CLANG_WARN_COMMA = YES;
				CLANG_WARN_CONSTANT_CONVERSION = YES;
				CLANG_WARN_DEPRECATED_OBJC_IMPLEMENTATIONS = YES;
				CLANG_WARN_DIRECT_OBJC_ISA_USAGE = YES_ERROR;
				CLANG_WARN_DOCUMENTATION_COMMENTS = YES;
				CLANG_WARN_EMPTY_BODY = YES;
				CLANG_WARN_ENUM_CONVERSION = YES;
				CLANG_WARN_INFINITE_RECURSION = YES;
				CLANG_WARN_INT_CONVERSION = YES;
				CLANG_WARN_NON_LITERAL_NULL_CONVERSION = YES;
				CLANG_WARN_OBJC_IMPLICIT_RETAIN_SELF = YES;
				CLANG_WARN_OBJC_LITERAL_CONVERSION = YES;
				CLANG_WARN_OBJC_ROOT_CLASS = YES_ERROR;
				CLANG_WARN_RANGE_LOOP_ANALYSIS = YES;
				CLANG_WARN_STRICT_PROTOTYPES = YES;
				CLANG_WARN_SUSPICIOUS_MOVE = YES;
				CLANG_WARN_UNGUARDED_AVAILABILITY = YES_AGGRESSIVE;
				CLANG_WARN_UNREACHABLE_CODE = YES;
				CLANG_WARN__DUPLICATE_METHOD_MATCH = YES;
				COPY_PHASE_STRIP = NO;
				DEBUG_INFORMATION_FORMAT = "dwarf-with-dsym";
				ENABLE_NS_ASSERTIONS = NO;
				ENABLE_STRICT_OBJC_MSGSEND = YES;
				GCC_C_LANGUAGE_STANDARD = gnu11;
				GCC_NO_COMMON_BLOCKS = YES;
				GCC_WARN_64_TO_32_BIT_CONVERSION = YES;
				GCC_WARN_ABOUT_RETURN_TYPE = YES_ERROR;
				GCC_WARN_UNDECLARED_SELECTOR = YES;
				GCC_WARN_UNINITIALIZED_AUTOS = YES_AGGRESSIVE;
				GCC_WARN_UNUSED_FUNCTION = YES;
				GCC_WARN_UNUSED_VARIABLE = YES;
				IPHONEOS_DEPLOYMENT_TARGET = 13.5;
				MTL_ENABLE_DEBUG_INFO = NO;
				MTL_FAST_MATH = YES;
				SDKROOT = iphoneos;
				SWIFT_COMPILATION_MODE = wholemodule;
				SWIFT_OPTIMIZATION_LEVEL = "-O";
				VALIDATE_PRODUCT = YES;
			};
			name = Release;
		};
		B42A0338247AD2EA0007E0DF /* Debug */ = {
			isa = XCBuildConfiguration;
			baseConfigurationReference = C166F6485FC4BD8F0F076AB6 /* Pods-Squad-Chat.debug.xcconfig */;
			buildSettings = {
				ASSETCATALOG_COMPILER_APPICON_NAME = AppIcon;
				CODE_SIGN_STYLE = Automatic;
				DEVELOPMENT_ASSET_PATHS = "\"Squad-Chat/Preview Content\"";
				DEVELOPMENT_TEAM = 2XPZNY5GTW;
				ENABLE_PREVIEWS = YES;
				INFOPLIST_FILE = "Squad-Chat/Info.plist";
				LD_RUNPATH_SEARCH_PATHS = (
					"$(inherited)",
					"@executable_path/Frameworks",
				);
				PRODUCT_BUNDLE_IDENTIFIER = "com.jcole.Squad-Chat";
				PRODUCT_NAME = "$(TARGET_NAME)";
				SWIFT_VERSION = 5.0;
				TARGETED_DEVICE_FAMILY = "1,2";
			};
			name = Debug;
		};
		B42A0339247AD2EA0007E0DF /* Release */ = {
			isa = XCBuildConfiguration;
			baseConfigurationReference = 86D82230BD18D1B6B4E2DE9A /* Pods-Squad-Chat.release.xcconfig */;
			buildSettings = {
				ASSETCATALOG_COMPILER_APPICON_NAME = AppIcon;
				CODE_SIGN_STYLE = Automatic;
				DEVELOPMENT_ASSET_PATHS = "\"Squad-Chat/Preview Content\"";
				DEVELOPMENT_TEAM = 2XPZNY5GTW;
				ENABLE_PREVIEWS = YES;
				INFOPLIST_FILE = "Squad-Chat/Info.plist";
				LD_RUNPATH_SEARCH_PATHS = (
					"$(inherited)",
					"@executable_path/Frameworks",
				);
				PRODUCT_BUNDLE_IDENTIFIER = "com.jcole.Squad-Chat";
				PRODUCT_NAME = "$(TARGET_NAME)";
				SWIFT_VERSION = 5.0;
				TARGETED_DEVICE_FAMILY = "1,2";
			};
			name = Release;
		};
/* End XCBuildConfiguration section */

/* Begin XCConfigurationList section */
		B42A031E247AD2E90007E0DF /* Build configuration list for PBXProject "Squad-Chat" */ = {
			isa = XCConfigurationList;
			buildConfigurations = (
				B42A0335247AD2EA0007E0DF /* Debug */,
				B42A0336247AD2EA0007E0DF /* Release */,
			);
			defaultConfigurationIsVisible = 0;
			defaultConfigurationName = Release;
		};
		B42A0337247AD2EA0007E0DF /* Build configuration list for PBXNativeTarget "Squad-Chat" */ = {
			isa = XCConfigurationList;
			buildConfigurations = (
				B42A0338247AD2EA0007E0DF /* Debug */,
				B42A0339247AD2EA0007E0DF /* Release */,
			);
			defaultConfigurationIsVisible = 0;
			defaultConfigurationName = Release;
		};
/* End XCConfigurationList section */
	};
	rootObject = B42A031B247AD2E90007E0DF /* Project object */;
}
